
Microsoft Visual Studio Solution File, Format Version 11.00
# Visual C# Express 2010
Project("{FAE04EC0-301F-11D3-BF4B-00C04F79EFBC}") = "ProjectStella", "ProjectStella\ProjectStella\ProjectStella.csproj", "{8246D122-7F19-4A0C-BB3D-D3CA3070BC86}"
EndProject
Project("{FAE04EC0-301F-11D3-BF4B-00C04F79EFBC}") = "ProjectStellaContent", "ProjectStella\ProjectStellaContent\ProjectStellaContent.contentproj", "{419DB0E6-688B-46A0-A638-65F7FBC7867B}"
EndProject
Project("{FAE04EC0-301F-11D3-BF4B-00C04F79EFBC}") = "BoxColliderWindows", "..\AppHub\ShipGame_4_0\BoxCollider\BoxColliderWindows.csproj", "{9B875652-0591-4CDA-8B98-BAD32767CCC4}"
EndProject
Project("{FAE04EC0-301F-11D3-BF4B-00C04F79EFBC}") = "NormalMappingModelProcessor", "..\AppHub\ShipGame_4_0\NormalMappingModelProcessor\NormalMappingModelProcessor.csproj", "{0D8E4373-133B-413A-9CB7-46BB598E8132}"
EndProject
Global
	GlobalSection(SolutionConfigurationPlatforms) = preSolution
		Debug|x86 = Debug|x86
		Release|x86 = Release|x86
	EndGlobalSection
	GlobalSection(ProjectConfigurationPlatforms) = postSolution
		{8246D122-7F19-4A0C-BB3D-D3CA3070BC86}.Debug|x86.ActiveCfg = Debug|x86
		{8246D122-7F19-4A0C-BB3D-D3CA3070BC86}.Debug|x86.Build.0 = Debug|x86
		{8246D122-7F19-4A0C-BB3D-D3CA3070BC86}.Release|x86.ActiveCfg = Release|x86
		{8246D122-7F19-4A0C-BB3D-D3CA3070BC86}.Release|x86.Build.0 = Release|x86
		{419DB0E6-688B-46A0-A638-65F7FBC7867B}.Debug|x86.ActiveCfg = Debug|x86
		{419DB0E6-688B-46A0-A638-65F7FBC7867B}.Release|x86.ActiveCfg = Release|x86
		{9B875652-0591-4CDA-8B98-BAD32767CCC4}.Debug|x86.ActiveCfg = Debug|x86
		{9B875652-0591-4CDA-8B98-BAD32767CCC4}.Debug|x86.Build.0 = Debug|x86
		{9B875652-0591-4CDA-8B98-BAD32767CCC4}.Release|x86.ActiveCfg = Release|x86
		{9B875652-0591-4CDA-8B98-BAD32767CCC4}.Release|x86.Build.0 = Release|x86
		{0D8E4373-133B-413A-9CB7-46BB598E8132}.Debug|x86.ActiveCfg = Debug|x86
		{0D8E4373-133B-413A-9CB7-46BB598E8132}.Debug|x86.Build.0 = Debug|x86
		{0D8E4373-133B-413A-9CB7-46BB598E8132}.Release|x86.ActiveCfg = Release|x86
		{0D8E4373-133B-413A-9CB7-46BB598E8132}.Release|x86.Build.0 = Release|x86
	EndGlobalSection
	GlobalSection(SolutionProperties) = preSolution
		HideSolutionNode = FALSE
	EndGlobalSection
EndGlobal
